
Microsoft Visual Studio Solution File, Format Version 12.00
# Visual Studio Version 17
VisualStudioVersion = 17.6.33801.468
MinimumVisualStudioVersion = 10.0.40219.1
Project("{9A19103F-16F7-4668-BE54-9A1E7A4F7556}") = "P1.ReverseAString", "CSharp-Advanced-Stacks-and-Queues\P1.ReverseAString.csproj", "{2ED8DA0B-8B3B-4D5F-AD20-D413FB857221}"
EndProject
Project("{9A19103F-16F7-4668-BE54-9A1E7A4F7556}") = "P2.StackSum", "P2.StackSum\P2.StackSum.csproj", "{FE412799-CF51-4F7B-9AE5-E9ABE0DB3729}"
EndProject
Project("{9A19103F-16F7-4668-BE54-9A1E7A4F7556}") = "P4.MatchingBrackets", "P4.MatchingBrackets\P4.MatchingBrackets.csproj", "{60B78B1F-27C6-4A39-9C5E-8EDFFD65F9BA}"
EndProject
Project("{9A19103F-16F7-4668-BE54-9A1E7A4F7556}") = "P7.HotPotato", "P7.HotPotato\P7.HotPotato.csproj", "{4DD661C2-ABE1-479D-837D-45C8A71DB4FC}"
EndProject
Project("{9A19103F-16F7-4668-BE54-9A1E7A4F7556}") = "P8.TrafficJam", "P8.TrafficJam\P8.TrafficJam.csproj", "{875CD402-4499-4EF7-9EFD-4E8F2CE0373D}"
EndProject
Project("{FAE04EC0-301F-11D3-BF4B-00C04F79EFBC}") = "P3.SimpleCalculator", "P3.SimpleCalculator\P3.SimpleCalculator.csproj", "{CC142893-4808-41F3-8AAD-4453DA7E7EF7}"
EndProject
Global
	GlobalSection(SolutionConfigurationPlatforms) = preSolution
		Debug|Any CPU = Debug|Any CPU
		Release|Any CPU = Release|Any CPU
	EndGlobalSection
	GlobalSection(ProjectConfigurationPlatforms) = postSolution
		{2ED8DA0B-8B3B-4D5F-AD20-D413FB857221}.Debug|Any CPU.ActiveCfg = Debug|Any CPU
		{2ED8DA0B-8B3B-4D5F-AD20-D413FB857221}.Debug|Any CPU.Build.0 = Debug|Any CPU
		{2ED8DA0B-8B3B-4D5F-AD20-D413FB857221}.Release|Any CPU.ActiveCfg = Release|Any CPU
		{2ED8DA0B-8B3B-4D5F-AD20-D413FB857221}.Release|Any CPU.Build.0 = Release|Any CPU
		{FE412799-CF51-4F7B-9AE5-E9ABE0DB3729}.Debug|Any CPU.ActiveCfg = Debug|Any CPU
		{FE412799-CF51-4F7B-9AE5-E9ABE0DB3729}.Debug|Any CPU.Build.0 = Debug|Any CPU
		{FE412799-CF51-4F7B-9AE5-E9ABE0DB3729}.Release|Any CPU.ActiveCfg = Release|Any CPU
		{FE412799-CF51-4F7B-9AE5-E9ABE0DB3729}.Release|Any CPU.Build.0 = Release|Any CPU
		{60B78B1F-27C6-4A39-9C5E-8EDFFD65F9BA}.Debug|Any CPU.ActiveCfg = Debug|Any CPU
		{60B78B1F-27C6-4A39-9C5E-8EDFFD65F9BA}.Debug|Any CPU.Build.0 = Debug|Any CPU
		{60B78B1F-27C6-4A39-9C5E-8EDFFD65F9BA}.Release|Any CPU.ActiveCfg = Release|Any CPU
		{60B78B1F-27C6-4A39-9C5E-8EDFFD65F9BA}.Release|Any CPU.Build.0 = Release|Any CPU
		{4DD661C2-ABE1-479D-837D-45C8A71DB4FC}.Debug|Any CPU.ActiveCfg = Debug|Any CPU
		{4DD661C2-ABE1-479D-837D-45C8A71DB4FC}.Debug|Any CPU.Build.0 = Debug|Any CPU
		{4DD661C2-ABE1-479D-837D-45C8A71DB4FC}.Release|Any CPU.ActiveCfg = Release|Any CPU
		{4DD661C2-ABE1-479D-837D-45C8A71DB4FC}.Release|Any CPU.Build.0 = Release|Any CPU
		{875CD402-4499-4EF7-9EFD-4E8F2CE0373D}.Debug|Any CPU.ActiveCfg = Debug|Any CPU
		{875CD402-4499-4EF7-9EFD-4E8F2CE0373D}.Debug|Any CPU.Build.0 = Debug|Any CPU
		{875CD402-4499-4EF7-9EFD-4E8F2CE0373D}.Release|Any CPU.ActiveCfg = Release|Any CPU
		{875CD402-4499-4EF7-9EFD-4E8F2CE0373D}.Release|Any CPU.Build.0 = Release|Any CPU
		{CC142893-4808-41F3-8AAD-4453DA7E7EF7}.Debug|Any CPU.ActiveCfg = Debug|Any CPU
		{CC142893-4808-41F3-8AAD-4453DA7E7EF7}.Debug|Any CPU.Build.0 = Debug|Any CPU
		{CC142893-4808-41F3-8AAD-4453DA7E7EF7}.Release|Any CPU.ActiveCfg = Release|Any CPU
		{CC142893-4808-41F3-8AAD-4453DA7E7EF7}.Release|Any CPU.Build.0 = Release|Any CPU
	EndGlobalSection
	GlobalSection(SolutionProperties) = preSolution
		HideSolutionNode = FALSE
	EndGlobalSection
	GlobalSection(ExtensibilityGlobals) = postSolution
		SolutionGuid = {DA27B758-65A1-40EA-8515-5118A710C655}
	EndGlobalSection
EndGlobal
